
Microsoft Visual Studio Solution File, Format Version 12.00
# Visual Studio 15
VisualStudioVersion = 15.0.27428.2043
MinimumVisualStudioVersion = 10.0.40219.1
Project("{FAE04EC0-301F-11D3-BF4B-00C04F79EFBC}") = "SwissTransport", "src\SwissTransport\SwissTransport.csproj", "{D0262178-A48F-4DE0-807B-E76B63E39421}"
EndProject
Project("{FAE04EC0-301F-11D3-BF4B-00C04F79EFBC}") = "SwissTransportTest", "tests\SwissTransportTest\SwissTransportTest.csproj", "{959C6E54-5B1C-40F5-938A-C57B17451421}"
EndProject
Project("{2150E333-8FDC-42A3-9474-1A3956D46DE8}") = "doc", "doc", "{747F00C9-A37E-44CD-9B3E-F44A3593A3A7}"
	ProjectSection(SolutionItems) = preProject
		..\..\..\..\OneDrive - sluz\Schule\M318\M318_Doku_Lino_Meyer_SBB_Fahrplan.docx = ..\..\..\..\OneDrive - sluz\Schule\M318\M318_Doku_Lino_Meyer_SBB_Fahrplan.docx
	EndProjectSection
EndProject
Project("{FAE04EC0-301F-11D3-BF4B-00C04F79EFBC}") = "SBB_Fahrplan", "SBB_Fahrplan\SBB_Fahrplan.csproj", "{F4D87A66-CD6A-453A-9E50-4D1F2520FF6D}"
EndProject
Project("{54435603-DBB4-11D2-8724-00A0C9A8B90C}") = "Setup_SBB_Fahrplan", "Setup_SBB_Fahrplan\Setup_SBB_Fahrplan.vdproj", "{D32CD3F5-91CB-47F4-A804-F69EA2C67FC9}"
EndProject
Project("{2150E333-8FDC-42A3-9474-1A3956D46DE8}") = "installer", "installer", "{6E3BCC58-B726-4D97-A6F2-FFE3B9098A5B}"
	ProjectSection(SolutionItems) = preProject
		Setup_SBB_Fahrplan\Release\setup.exe = Setup_SBB_Fahrplan\Release\setup.exe
		Setup_SBB_Fahrplan\Release\Setup_SBB_Fahrplan.msi = Setup_SBB_Fahrplan\Release\Setup_SBB_Fahrplan.msi
	EndProjectSection
EndProject
Global
	GlobalSection(SolutionConfigurationPlatforms) = preSolution
		Debug|Any CPU = Debug|Any CPU
		Release|Any CPU = Release|Any CPU
	EndGlobalSection
	GlobalSection(ProjectConfigurationPlatforms) = postSolution
		{D0262178-A48F-4DE0-807B-E76B63E39421}.Debug|Any CPU.ActiveCfg = Debug|Any CPU
		{D0262178-A48F-4DE0-807B-E76B63E39421}.Debug|Any CPU.Build.0 = Debug|Any CPU
		{D0262178-A48F-4DE0-807B-E76B63E39421}.Release|Any CPU.ActiveCfg = Release|Any CPU
		{D0262178-A48F-4DE0-807B-E76B63E39421}.Release|Any CPU.Build.0 = Release|Any CPU
		{959C6E54-5B1C-40F5-938A-C57B17451421}.Debug|Any CPU.ActiveCfg = Debug|Any CPU
		{959C6E54-5B1C-40F5-938A-C57B17451421}.Debug|Any CPU.Build.0 = Debug|Any CPU
		{959C6E54-5B1C-40F5-938A-C57B17451421}.Release|Any CPU.ActiveCfg = Release|Any CPU
		{959C6E54-5B1C-40F5-938A-C57B17451421}.Release|Any CPU.Build.0 = Release|Any CPU
		{F4D87A66-CD6A-453A-9E50-4D1F2520FF6D}.Debug|Any CPU.ActiveCfg = Debug|Any CPU
		{F4D87A66-CD6A-453A-9E50-4D1F2520FF6D}.Debug|Any CPU.Build.0 = Debug|Any CPU
		{F4D87A66-CD6A-453A-9E50-4D1F2520FF6D}.Release|Any CPU.ActiveCfg = Release|Any CPU
		{F4D87A66-CD6A-453A-9E50-4D1F2520FF6D}.Release|Any CPU.Build.0 = Release|Any CPU
		{D32CD3F5-91CB-47F4-A804-F69EA2C67FC9}.Debug|Any CPU.ActiveCfg = Debug
		{D32CD3F5-91CB-47F4-A804-F69EA2C67FC9}.Release|Any CPU.ActiveCfg = Release
	EndGlobalSection
	GlobalSection(SolutionProperties) = preSolution
		HideSolutionNode = FALSE
	EndGlobalSection
	GlobalSection(ExtensibilityGlobals) = postSolution
		SolutionGuid = {30AEFD01-43A2-4F64-9D5E-B219FA32E151}
	EndGlobalSection
EndGlobal
